
Microsoft Visual Studio Solution File, Format Version 12.00
# Visual Studio Version 16
VisualStudioVersion = 16.0.30804.86
MinimumVisualStudioVersion = 10.0.40219.1
Project("{FAE04EC0-301F-11D3-BF4B-00C04F79EFBC}") = "my-books", "my-books\my-books.csproj", "{9AACEB4E-A742-4C01-B363-BBD2172D0B19}"
EndProject
Global
	GlobalSection(SolutionConfigurationPlatforms) = preSolution
		Debug|Any CPU = Debug|Any CPU
		Release|Any CPU = Release|Any CPU
	EndGlobalSection
	GlobalSection(ProjectConfigurationPlatforms) = postSolution
		{9AACEB4E-A742-4C01-B363-BBD2172D0B19}.Debug|Any CPU.ActiveCfg = Debug|Any CPU
		{9AACEB4E-A742-4C01-B363-BBD2172D0B19}.Debug|Any CPU.Build.0 = Debug|Any CPU
		{9AACEB4E-A742-4C01-B363-BBD2172D0B19}.Release|Any CPU.ActiveCfg = Release|Any CPU
		{9AACEB4E-A742-4C01-B363-BBD2172D0B19}.Release|Any CPU.Build.0 = Release|Any CPU
	EndGlobalSection
	GlobalSection(SolutionProperties) = preSolution
		HideSolutionNode = FALSE
	EndGlobalSection
	GlobalSection(ExtensibilityGlobals) = postSolution
		SolutionGuid = {35BD73B7-FFAD-4568-9907-47CAA366686F}
	EndGlobalSection
EndGlobal
